// !$*UTF8*$!
{
	archiveVersion = 1;
	classes = {
	};
	objectVersion = 50;
	objects = {

/* Begin PBXBuildFile section */
		56DC417C26E8A9F70025CEEB /* AppDelegate.swift in Sources */ = {isa = PBXBuildFile; fileRef = 56DC417B26E8A9F70025CEEB /* AppDelegate.swift */; };
		56DC417E26E8A9F70025CEEB /* SceneDelegate.swift in Sources */ = {isa = PBXBuildFile; fileRef = 56DC417D26E8A9F70025CEEB /* SceneDelegate.swift */; };
		56DC418026E8A9F70025CEEB /* ViewController.swift in Sources */ = {isa = PBXBuildFile; fileRef = 56DC417F26E8A9F70025CEEB /* ViewController.swift */; };
		56DC418326E8A9F70025CEEB /* Main.storyboard in Resources */ = {isa = PBXBuildFile; fileRef = 56DC418126E8A9F70025CEEB /* Main.storyboard */; };
		56DC418526E8A9F80025CEEB /* Assets.xcassets in Resources */ = {isa = PBXBuildFile; fileRef = 56DC418426E8A9F80025CEEB /* Assets.xcassets */; };
		56DC418826E8A9F80025CEEB /* LaunchScreen.storyboard in Resources */ = {isa = PBXBuildFile; fileRef = 56DC418626E8A9F80025CEEB /* LaunchScreen.storyboard */; };
		56DC419026E8AB040025CEEB /* provinces_cities.plist in Resources */ = {isa = PBXBuildFile; fileRef = 56DC418F26E8AB040025CEEB /* provinces_cities.plist */; };
/* End PBXBuildFile section */

/* Begin PBXFileReference section */
		56DC417826E8A9F70025CEEB /* PickerViewSample.app */ = {isa = PBXFileReference; explicitFileType = wrapper.application; includeInIndex = 0; path = PickerViewSample.app; sourceTree = BUILT_PRODUCTS_DIR; };
		56DC417B26E8A9F70025CEEB /* AppDelegate.swift */ = {isa = PBXFileReference; lastKnownFileType = sourcecode.swift; path = AppDelegate.swift; sourceTree = "<group>"; };
		56DC417D26E8A9F70025CEEB /* SceneDelegate.swift */ = {isa = PBXFileReference; lastKnownFileType = sourcecode.swift; path = SceneDelegate.swift; sourceTree = "<group>"; };
		56DC417F26E8A9F70025CEEB /* ViewController.swift */ = {isa = PBXFileReference; lastKnownFileType = sourcecode.swift; path = ViewController.swift; sourceTree = "<group>"; };
		56DC418226E8A9F70025CEEB /* Base */ = {isa = PBXFileReference; lastKnownFileType = file.storyboard; name = Base; path = Base.lproj/Main.storyboard; sourceTree = "<group>"; };
		56DC418426E8A9F80025CEEB /* Assets.xcassets */ = {isa = PBXFileReference; lastKnownFileType = folder.assetcatalog; path = Assets.xcassets; sourceTree = "<group>"; };
		56DC418726E8A9F80025CEEB /* Base */ = {isa = PBXFileReference; lastKnownFileType = file.storyboard; name = Base; path = Base.lproj/LaunchScreen.storyboard; sourceTree = "<group>"; };
		56DC418926E8A9F80025CEEB /* Info.plist */ = {isa = PBXFileReference; lastKnownFileType = text.plist.xml; path = Info.plist; sourceTree = "<group>"; };
		56DC418F26E8AB040025CEEB /* provinces_cities.plist */ = {isa = PBXFileReference; lastKnownFileType = text.plist.xml; path = provinces_cities.plist; sourceTree = "<group>"; };
/* End PBXFileReference section */

/* Begin PBXFrameworksBuildPhase section */
		56DC417526E8A9F70025CEEB /* Frameworks */ = {
			isa = PBXFrameworksBuildPhase;
			buildActionMask = 2147483647;
			files = (
			);
			runOnlyForDeploymentPostprocessing = 0;
		};
/* End PBXFrameworksBuildPhase section */

/* Begin PBXGroup section */
		56DC416F26E8A9F70025CEEB = {
			isa = PBXGroup;
			children = (
				56DC417A26E8A9F70025CEEB /* PickerViewSample */,
				56DC417926E8A9F70025CEEB /* Products */,
			);
			sourceTree = "<group>";
		};
		56DC417926E8A9F70025CEEB /* Products */ = {
			isa = PBXGroup;
			children = (
				56DC417826E8A9F70025CEEB /* PickerViewSample.app */,
			);
			name = Products;
			sourceTree = "<group>";
		};
		56DC417A26E8A9F70025CEEB /* PickerViewSample */ = {
			isa = PBXGroup;
			children = (
				56DC417B26E8A9F70025CEEB /* AppDelegate.swift */,
				56DC417D26E8A9F70025CEEB /* SceneDelegate.swift */,
				56DC417F26E8A9F70025CEEB /* ViewController.swift */,
				56DC418126E8A9F70025CEEB /* Main.storyboard */,
				56DC418426E8A9F80025CEEB /* Assets.xcassets */,
				56DC418626E8A9F80025CEEB /* LaunchScreen.storyboard */,
				56DC418926E8A9F80025CEEB /* Info.plist */,
				56DC418F26E8AB040025CEEB /* provinces_cities.plist */,
			);
			path = PickerViewSample;
			sourceTree = "<group>";
		};
/* End PBXGroup section */

/* Begin PBXNativeTarget section */
		56DC417726E8A9F70025CEEB /* PickerViewSample */ = {
			isa = PBXNativeTarget;
			buildConfigurationList = 56DC418C26E8A9F80025CEEB /* Build configuration list for PBXNativeTarget "PickerViewSample" */;
			buildPhases = (
				56DC417426E8A9F70025CEEB /* Sources */,
				56DC417526E8A9F70025CEEB /* Frameworks */,
				56DC417626E8A9F70025CEEB /* Resources */,
			);
			buildRules = (
			);
			dependencies = (
			);
			name = PickerViewSample;
			productName = PickerViewSample;
			productReference = 56DC417826E8A9F70025CEEB /* PickerViewSample.app */;
			productType = "com.apple.product-type.application";
		};
/* End PBXNativeTarget section */

/* Begin PBXProject section */
		56DC417026E8A9F70025CEEB /* Project object */ = {
			isa = PBXProject;
			attributes = {
				LastSwiftUpdateCheck = 1250;
				LastUpgradeCheck = 1250;
				TargetAttributes = {
					56DC417726E8A9F70025CEEB = {
						CreatedOnToolsVersion = 12.5.1;
					};
				};
			};
			buildConfigurationList = 56DC417326E8A9F70025CEEB /* Build configuration list for PBXProject "PickerViewSample" */;
			compatibilityVersion = "Xcode 9.3";
			developmentRegion = en;
			hasScannedForEncodings = 0;
			knownRegions = (
				en,
				Base,
			);
			mainGroup = 56DC416F26E8A9F70025CEEB;
			productRefGroup = 56DC417926E8A9F70025CEEB /* Products */;
			projectDirPath = "";
			projectRoot = "";
			targets = (
				56DC417726E8A9F70025CEEB /* PickerViewSample */,
			);
		};
/* End PBXProject section */

/* Begin PBXResourcesBuildPhase section */
		56DC417626E8A9F70025CEEB /* Resources */ = {
			isa = PBXResourcesBuildPhase;
			buildActionMask = 2147483647;
			files = (
				56DC418826E8A9F80025CEEB /* LaunchScreen.storyboard in Resources */,
				56DC419026E8AB040025CEEB /* provinces_cities.plist in Resources */,
				56DC418526E8A9F80025CEEB /* Assets.xcassets in Resources */,
				56DC418326E8A9F70025CEEB /* Main.storyboard in Resources */,
			);
			runOnlyForDeploymentPostprocessing = 0;
		};
/* End PBXResourcesBuildPhase section */

/* Begin PBXSourcesBuildPhase section */
		56DC417426E8A9F70025CEEB /* Sources */ = {
			isa = PBXSourcesBuildPhase;
			buildActionMask = 2147483647;
			files = (
				56DC418026E8A9F70025CEEB /* ViewController.swift in Sources */,
				56DC417C26E8A9F70025CEEB /* AppDelegate.swift in Sources */,
				56DC417E26E8A9F70025CEEB /* SceneDelegate.swift in Sources */,
			);
			runOnlyForDeploymentPostprocessing = 0;
		};
/* End PBXSourcesBuildPhase section */

/* Begin PBXVariantGroup section */
		56DC418126E8A9F70025CEEB /* Main.storyboard */ = {
			isa = PBXVariantGroup;
			children = (
				56DC418226E8A9F70025CEEB /* Base */,
			);
			name = Main.storyboard;
			sourceTree = "<group>";
		};
		56DC418626E8A9F80025CEEB /* LaunchScreen.storyboard */ = {
			isa = PBXVariantGroup;
			children = (
				56DC418726E8A9F80025CEEB /* Base */,
			);
			name = LaunchScreen.storyboard;
			sourceTree = "<group>";
		};
/* End PBXVariantGroup section */

/* Begin XCBuildConfiguration section */
		56DC418A26E8A9F80025CEEB /* Debug */ = {
			isa = XCBuildConfiguration;
			buildSettings = {
				ALWAYS_SEARCH_USER_PATHS = NO;
				CLANG_ANALYZER_NONNULL = YES;
				CLANG_ANALYZER_NUMBER_OBJECT_CONVERSION = YES_AGGRESSIVE;
				CLANG_CXX_LANGUAGE_STANDARD = "gnu++14";
				CLANG_CXX_LIBRARY = "libc++";
				CLANG_ENABLE_MODULES = YES;
				CLANG_ENABLE_OBJC_ARC = YES;
				CLANG_ENABLE_OBJC_WEAK = YES;
				CLANG_WARN_BLOCK_CAPTURE_AUTORELEASING = YES;
				CLANG_WARN_BOOL_CONVERSION = YES;
				CLANG_WARN_COMMA = YES;
				CLANG_WARN_CONSTANT_CONVERSION = YES;
				CLANG_WARN_DEPRECATED_OBJC_IMPLEMENTATIONS = YES;
				CLANG_WARN_DIRECT_OBJC_ISA_USAGE = YES_ERROR;
				CLANG_WARN_DOCUMENTATION_COMMENTS = YES;
				CLANG_WARN_EMPTY_BODY = YES;
				CLANG_WARN_ENUM_CONVERSION = YES;
				CLANG_WARN_INFINITE_RECURSION = YES;
				CLANG_WARN_INT_CONVERSION = YES;
				CLANG_WARN_NON_LITERAL_NULL_CONVERSION = YES;
				CLANG_WARN_OBJC_IMPLICIT_RETAIN_SELF = YES;
				CLANG_WARN_OBJC_LITERAL_CONVERSION = YES;
				CLANG_WARN_OBJC_ROOT_CLASS = YES_ERROR;
				CLANG_WARN_QUOTED_INCLUDE_IN_FRAMEWORK_HEADER = YES;
				CLANG_WARN_RANGE_LOOP_ANALYSIS = YES;
				CLANG_WARN_STRICT_PROTOTYPES = YES;
				CLANG_WARN_SUSPICIOUS_MOVE = YES;
				CLANG_WARN_UNGUARDED_AVAILABILITY = YES_AGGRESSIVE;
				CLANG_WARN_UNREACHABLE_CODE = YES;
				CLANG_WARN__DUPLICATE_METHOD_MATCH = YES;
				COPY_PHASE_STRIP = NO;
				DEBUG_INFORMATION_FORMAT = dwarf;
				ENABLE_STRICT_OBJC_MSGSEND = YES;
				ENABLE_TESTABILITY = YES;
				GCC_C_LANGUAGE_STANDARD = gnu11;
				GCC_DYNAMIC_NO_PIC = NO;
				GCC_NO_COMMON_BLOCKS = YES;
				GCC_OPTIMIZATION_LEVEL = 0;
				GCC_PREPROCESSOR_DEFINITIONS = (
					"DEBUG=1",
					"$(inherited)",
				);
				GCC_WARN_64_TO_32_BIT_CONVERSION = YES;
				GCC_WARN_ABOUT_RETURN_TYPE = YES_ERROR;
				GCC_WARN_UNDECLARED_SELECTOR = YES;
				GCC_WARN_UNINITIALIZED_AUTOS = YES_AGGRESSIVE;
				GCC_WARN_UNUSED_FUNCTION = YES;
				GCC_WARN_UNUSED_VARIABLE = YES;
				IPHONEOS_DEPLOYMENT_TARGET = 14.5;
				MTL_ENABLE_DEBUG_INFO = INCLUDE_SOURCE;
				MTL_FAST_MATH = YES;
				ONLY_ACTIVE_ARCH = YES;
				SDKROOT = iphoneos;
				SWIFT_ACTIVE_COMPILATION_CONDITIONS = DEBUG;
				SWIFT_OPTIMIZATION_LEVEL = "-Onone";
			};
			name = Debug;
		};
		56DC418B26E8A9F80025CEEB /* Release */ = {
			isa = XCBuildConfiguration;
			buildSettings = {
				ALWAYS_SEARCH_USER_PATHS = NO;
				CLANG_ANALYZER_NONNULL = YES;
				CLANG_ANALYZER_NUMBER_OBJECT_CONVERSION = YES_AGGRESSIVE;
				CLANG_CXX_LANGUAGE_STANDARD = "gnu++14";
				CLANG_CXX_LIBRARY = "libc++";
				CLANG_ENABLE_MODULES = YES;
				CLANG_ENABLE_OBJC_ARC = YES;
				CLANG_ENABLE_OBJC_WEAK = YES;
				CLANG_WARN_BLOCK_CAPTURE_AUTORELEASING = YES;
				CLANG_WARN_BOOL_CONVERSION = YES;
				CLANG_WARN_COMMA = YES;
				CLANG_WARN_CONSTANT_CONVERSION = YES;
				CLANG_WARN_DEPRECATED_OBJC_IMPLEMENTATIONS = YES;
				CLANG_WARN_DIRECT_OBJC_ISA_USAGE = YES_ERROR;
				CLANG_WARN_DOCUMENTATION_COMMENTS = YES;
				CLANG_WARN_EMPTY_BODY = YES;
				CLANG_WARN_ENUM_CONVERSION = YES;
				CLANG_WARN_INFINITE_RECURSION = YES;
				CLANG_WARN_INT_CONVERSION = YES;
				CLANG_WARN_NON_LITERAL_NULL_CONVERSION = YES;
				CLANG_WARN_OBJC_IMPLICIT_RETAIN_SELF = YES;
				CLANG_WARN_OBJC_LITERAL_CONVERSION = YES;
				CLANG_WARN_OBJC_ROOT_CLASS = YES_ERROR;
				CLANG_WARN_QUOTED_INCLUDE_IN_FRAMEWORK_HEADER = YES;
				CLANG_WARN_RANGE_LOOP_ANALYSIS = YES;
				CLANG_WARN_STRICT_PROTOTYPES = YES;
				CLANG_WARN_SUSPICIOUS_MOVE = YES;
				CLANG_WARN_UNGUARDED_AVAILABILITY = YES_AGGRESSIVE;
				CLANG_WARN_UNREACHABLE_CODE = YES;
				CLANG_WARN__DUPLICATE_METHOD_MATCH = YES;
				COPY_PHASE_STRIP = NO;
				DEBUG_INFORMATION_FORMAT = "dwarf-with-dsym";
				ENABLE_NS_ASSERTIONS = NO;
				ENABLE_STRICT_OBJC_MSGSEND = YES;
				GCC_C_LANGUAGE_STANDARD = gnu11;
				GCC_NO_COMMON_BLOCKS = YES;
				GCC_WARN_64_TO_32_BIT_CONVERSION = YES;
				GCC_WARN_ABOUT_RETURN_TYPE = YES_ERROR;
				GCC_WARN_UNDECLARED_SELECTOR = YES;
				GCC_WARN_UNINITIALIZED_AUTOS = YES_AGGRESSIVE;
				GCC_WARN_UNUSED_FUNCTION = YES;
				GCC_WARN_UNUSED_VARIABLE = YES;
				IPHONEOS_DEPLOYMENT_TARGET = 14.5;
				MTL_ENABLE_DEBUG_INFO = NO;
				MTL_FAST_MATH = YES;
				SDKROOT = iphoneos;
				SWIFT_COMPILATION_MODE = wholemodule;
				SWIFT_OPTIMIZATION_LEVEL = "-O";
				VALIDATE_PRODUCT = YES;
			};
			name = Release;
		};
		56DC418D26E8A9F80025CEEB /* Debug */ = {
			isa = XCBuildConfiguration;
			buildSettings = {
				ASSETCATALOG_COMPILER_APPICON_NAME = AppIcon;
				ASSETCATALOG_COMPILER_GLOBAL_ACCENT_COLOR_NAME = AccentColor;
				CODE_SIGN_STYLE = Automatic;
				DEVELOPMENT_TEAM = RSKV7TG784;
				INFOPLIST_FILE = PickerViewSample/Info.plist;
				LD_RUNPATH_SEARCH_PATHS = (
					"$(inherited)",
					"@executable_path/Frameworks",
				);
				PRODUCT_BUNDLE_IDENTIFIER = com.tenorshare.cxh.PickerViewSample;
				PRODUCT_NAME = "$(TARGET_NAME)";
				SWIFT_VERSION = 5.0;
				TARGETED_DEVICE_FAMILY = "1,2";
			};
			name = Debug;
		};
		56DC418E26E8A9F80025CEEB /* Release */ = {
			isa = XCBuildConfiguration;
			buildSettings = {
				ASSETCATALOG_COMPILER_APPICON_NAME = AppIcon;
				ASSETCATALOG_COMPILER_GLOBAL_ACCENT_COLOR_NAME = AccentColor;
				CODE_SIGN_STYLE = Automatic;
				DEVELOPMENT_TEAM = RSKV7TG784;
				INFOPLIST_FILE = PickerViewSample/Info.plist;
				LD_RUNPATH_SEARCH_PATHS = (
					"$(inherited)",
					"@executable_path/Frameworks",
				);
				PRODUCT_BUNDLE_IDENTIFIER = com.tenorshare.cxh.PickerViewSample;
				PRODUCT_NAME = "$(TARGET_NAME)";
				SWIFT_VERSION = 5.0;
				TARGETED_DEVICE_FAMILY = "1,2";
			};
			name = Release;
		};
/* End XCBuildConfiguration section */

/* Begin XCConfigurationList section */
		56DC417326E8A9F70025CEEB /* Build configuration list for PBXProject "PickerViewSample" */ = {
			isa = XCConfigurationList;
			buildConfigurations = (
				56DC418A26E8A9F80025CEEB /* Debug */,
				56DC418B26E8A9F80025CEEB /* Release */,
			);
			defaultConfigurationIsVisible = 0;
			defaultConfigurationName = Release;
		};
		56DC418C26E8A9F80025CEEB /* Build configuration list for PBXNativeTarget "PickerViewSample" */ = {
			isa = XCConfigurationList;
			buildConfigurations = (
				56DC418D26E8A9F80025CEEB /* Debug */,
				56DC418E26E8A9F80025CEEB /* Release */,
			);
			defaultConfigurationIsVisible = 0;
			defaultConfigurationName = Release;
		};
/* End XCConfigurationList section */
	};
	rootObject = 56DC417026E8A9F70025CEEB /* Project object */;
}
