// !$*UTF8*$!
{
	archiveVersion = 1;
	classes = {
	};
	objectVersion = 50;
	objects = {

/* Begin PBXBuildFile section */
		56DC425226EF06E60025CEEB /* AppDelegate.swift in Sources */ = {isa = PBXBuildFile; fileRef = 56DC425126EF06E60025CEEB /* AppDelegate.swift */; };
		56DC425426EF06E60025CEEB /* SceneDelegate.swift in Sources */ = {isa = PBXBuildFile; fileRef = 56DC425326EF06E60025CEEB /* SceneDelegate.swift */; };
		56DC425626EF06E60025CEEB /* ViewController.swift in Sources */ = {isa = PBXBuildFile; fileRef = 56DC425526EF06E60025CEEB /* ViewController.swift */; };
		56DC425926EF06E60025CEEB /* Main.storyboard in Resources */ = {isa = PBXBuildFile; fileRef = 56DC425726EF06E60025CEEB /* Main.storyboard */; };
		56DC425B26EF06E80025CEEB /* Assets.xcassets in Resources */ = {isa = PBXBuildFile; fileRef = 56DC425A26EF06E80025CEEB /* Assets.xcassets */; };
		56DC425E26EF06E80025CEEB /* LaunchScreen.storyboard in Resources */ = {isa = PBXBuildFile; fileRef = 56DC425C26EF06E80025CEEB /* LaunchScreen.storyboard */; };
		56DC426626EF26450025CEEB /* team.plist in Resources */ = {isa = PBXBuildFile; fileRef = 56DC426526EF26450025CEEB /* team.plist */; };
		56DC429526EF29CE0025CEEB /* 4.png in Resources */ = {isa = PBXBuildFile; fileRef = 56DC426D26EF29CE0025CEEB /* 4.png */; };
		56DC42A226EF29CE0025CEEB /* 3.png in Resources */ = {isa = PBXBuildFile; fileRef = 56DC427A26EF29CE0025CEEB /* 3.png */; };
		56DC42A426EF29CE0025CEEB /* 1.png in Resources */ = {isa = PBXBuildFile; fileRef = 56DC427C26EF29CE0025CEEB /* 1.png */; };
		56DC42B526EF29CE0025CEEB /* 2.png in Resources */ = {isa = PBXBuildFile; fileRef = 56DC428D26EF29CE0025CEEB /* 2.png */; };
/* End PBXBuildFile section */

/* Begin PBXFileReference section */
		56DC424E26EF06E60025CEEB /* SimpleTable.app */ = {isa = PBXFileReference; explicitFileType = wrapper.application; includeInIndex = 0; path = SimpleTable.app; sourceTree = BUILT_PRODUCTS_DIR; };
		56DC425126EF06E60025CEEB /* AppDelegate.swift */ = {isa = PBXFileReference; lastKnownFileType = sourcecode.swift; path = AppDelegate.swift; sourceTree = "<group>"; };
		56DC425326EF06E60025CEEB /* SceneDelegate.swift */ = {isa = PBXFileReference; lastKnownFileType = sourcecode.swift; path = SceneDelegate.swift; sourceTree = "<group>"; };
		56DC425526EF06E60025CEEB /* ViewController.swift */ = {isa = PBXFileReference; lastKnownFileType = sourcecode.swift; path = ViewController.swift; sourceTree = "<group>"; };
		56DC425826EF06E60025CEEB /* Base */ = {isa = PBXFileReference; lastKnownFileType = file.storyboard; name = Base; path = Base.lproj/Main.storyboard; sourceTree = "<group>"; };
		56DC425A26EF06E80025CEEB /* Assets.xcassets */ = {isa = PBXFileReference; lastKnownFileType = folder.assetcatalog; path = Assets.xcassets; sourceTree = "<group>"; };
		56DC425D26EF06E80025CEEB /* Base */ = {isa = PBXFileReference; lastKnownFileType = file.storyboard; name = Base; path = Base.lproj/LaunchScreen.storyboard; sourceTree = "<group>"; };
		56DC425F26EF06E80025CEEB /* Info.plist */ = {isa = PBXFileReference; lastKnownFileType = text.plist.xml; path = Info.plist; sourceTree = "<group>"; };
		56DC426526EF26450025CEEB /* team.plist */ = {isa = PBXFileReference; lastKnownFileType = text.plist.xml; path = team.plist; sourceTree = "<group>"; };
		56DC426D26EF29CE0025CEEB /* 4.png */ = {isa = PBXFileReference; lastKnownFileType = image.png; path = 4.png; sourceTree = "<group>"; };
		56DC427A26EF29CE0025CEEB /* 3.png */ = {isa = PBXFileReference; lastKnownFileType = image.png; path = 3.png; sourceTree = "<group>"; };
		56DC427C26EF29CE0025CEEB /* 1.png */ = {isa = PBXFileReference; lastKnownFileType = image.png; path = 1.png; sourceTree = "<group>"; };
		56DC428D26EF29CE0025CEEB /* 2.png */ = {isa = PBXFileReference; lastKnownFileType = image.png; path = 2.png; sourceTree = "<group>"; };
/* End PBXFileReference section */

/* Begin PBXFrameworksBuildPhase section */
		56DC424B26EF06E60025CEEB /* Frameworks */ = {
			isa = PBXFrameworksBuildPhase;
			buildActionMask = 2147483647;
			files = (
			);
			runOnlyForDeploymentPostprocessing = 0;
		};
/* End PBXFrameworksBuildPhase section */

/* Begin PBXGroup section */
		56DC424526EF06E60025CEEB = {
			isa = PBXGroup;
			children = (
				56DC425026EF06E60025CEEB /* SimpleTable */,
				56DC424F26EF06E60025CEEB /* Products */,
			);
			sourceTree = "<group>";
		};
		56DC424F26EF06E60025CEEB /* Products */ = {
			isa = PBXGroup;
			children = (
				56DC424E26EF06E60025CEEB /* SimpleTable.app */,
			);
			name = Products;
			sourceTree = "<group>";
		};
		56DC425026EF06E60025CEEB /* SimpleTable */ = {
			isa = PBXGroup;
			children = (
				56DC426726EF29A00025CEEB /* Resources */,
				56DC425126EF06E60025CEEB /* AppDelegate.swift */,
				56DC425326EF06E60025CEEB /* SceneDelegate.swift */,
				56DC425526EF06E60025CEEB /* ViewController.swift */,
				56DC426526EF26450025CEEB /* team.plist */,
				56DC425726EF06E60025CEEB /* Main.storyboard */,
				56DC425A26EF06E80025CEEB /* Assets.xcassets */,
				56DC425C26EF06E80025CEEB /* LaunchScreen.storyboard */,
				56DC425F26EF06E80025CEEB /* Info.plist */,
			);
			path = SimpleTable;
			sourceTree = "<group>";
		};
		56DC426726EF29A00025CEEB /* Resources */ = {
			isa = PBXGroup;
			children = (
				56DC427C26EF29CE0025CEEB /* 1.png */,
				56DC428D26EF29CE0025CEEB /* 2.png */,
				56DC427A26EF29CE0025CEEB /* 3.png */,
				56DC426D26EF29CE0025CEEB /* 4.png */,
			);
			path = Resources;
			sourceTree = "<group>";
		};
/* End PBXGroup section */

/* Begin PBXNativeTarget section */
		56DC424D26EF06E60025CEEB /* SimpleTable */ = {
			isa = PBXNativeTarget;
			buildConfigurationList = 56DC426226EF06E80025CEEB /* Build configuration list for PBXNativeTarget "SimpleTable" */;
			buildPhases = (
				56DC424A26EF06E60025CEEB /* Sources */,
				56DC424B26EF06E60025CEEB /* Frameworks */,
				56DC424C26EF06E60025CEEB /* Resources */,
			);
			buildRules = (
			);
			dependencies = (
			);
			name = SimpleTable;
			productName = SimpleTable;
			productReference = 56DC424E26EF06E60025CEEB /* SimpleTable.app */;
			productType = "com.apple.product-type.application";
		};
/* End PBXNativeTarget section */

/* Begin PBXProject section */
		56DC424626EF06E60025CEEB /* Project object */ = {
			isa = PBXProject;
			attributes = {
				LastSwiftUpdateCheck = 1250;
				LastUpgradeCheck = 1250;
				TargetAttributes = {
					56DC424D26EF06E60025CEEB = {
						CreatedOnToolsVersion = 12.5.1;
					};
				};
			};
			buildConfigurationList = 56DC424926EF06E60025CEEB /* Build configuration list for PBXProject "SimpleTable" */;
			compatibilityVersion = "Xcode 9.3";
			developmentRegion = en;
			hasScannedForEncodings = 0;
			knownRegions = (
				en,
				Base,
			);
			mainGroup = 56DC424526EF06E60025CEEB;
			productRefGroup = 56DC424F26EF06E60025CEEB /* Products */;
			projectDirPath = "";
			projectRoot = "";
			targets = (
				56DC424D26EF06E60025CEEB /* SimpleTable */,
			);
		};
/* End PBXProject section */

/* Begin PBXResourcesBuildPhase section */
		56DC424C26EF06E60025CEEB /* Resources */ = {
			isa = PBXResourcesBuildPhase;
			buildActionMask = 2147483647;
			files = (
				56DC42A426EF29CE0025CEEB /* 1.png in Resources */,
				56DC425E26EF06E80025CEEB /* LaunchScreen.storyboard in Resources */,
				56DC425B26EF06E80025CEEB /* Assets.xcassets in Resources */,
				56DC42A226EF29CE0025CEEB /* 3.png in Resources */,
				56DC42B526EF29CE0025CEEB /* 2.png in Resources */,
				56DC425926EF06E60025CEEB /* Main.storyboard in Resources */,
				56DC426626EF26450025CEEB /* team.plist in Resources */,
				56DC429526EF29CE0025CEEB /* 4.png in Resources */,
			);
			runOnlyForDeploymentPostprocessing = 0;
		};
/* End PBXResourcesBuildPhase section */

/* Begin PBXSourcesBuildPhase section */
		56DC424A26EF06E60025CEEB /* Sources */ = {
			isa = PBXSourcesBuildPhase;
			buildActionMask = 2147483647;
			files = (
				56DC425626EF06E60025CEEB /* ViewController.swift in Sources */,
				56DC425226EF06E60025CEEB /* AppDelegate.swift in Sources */,
				56DC425426EF06E60025CEEB /* SceneDelegate.swift in Sources */,
			);
			runOnlyForDeploymentPostprocessing = 0;
		};
/* End PBXSourcesBuildPhase section */

/* Begin PBXVariantGroup section */
		56DC425726EF06E60025CEEB /* Main.storyboard */ = {
			isa = PBXVariantGroup;
			children = (
				56DC425826EF06E60025CEEB /* Base */,
			);
			name = Main.storyboard;
			sourceTree = "<group>";
		};
		56DC425C26EF06E80025CEEB /* LaunchScreen.storyboard */ = {
			isa = PBXVariantGroup;
			children = (
				56DC425D26EF06E80025CEEB /* Base */,
			);
			name = LaunchScreen.storyboard;
			sourceTree = "<group>";
		};
/* End PBXVariantGroup section */

/* Begin XCBuildConfiguration section */
		56DC426026EF06E80025CEEB /* Debug */ = {
			isa = XCBuildConfiguration;
			buildSettings = {
				ALWAYS_SEARCH_USER_PATHS = NO;
				CLANG_ANALYZER_NONNULL = YES;
				CLANG_ANALYZER_NUMBER_OBJECT_CONVERSION = YES_AGGRESSIVE;
				CLANG_CXX_LANGUAGE_STANDARD = "gnu++14";
				CLANG_CXX_LIBRARY = "libc++";
				CLANG_ENABLE_MODULES = YES;
				CLANG_ENABLE_OBJC_ARC = YES;
				CLANG_ENABLE_OBJC_WEAK = YES;
				CLANG_WARN_BLOCK_CAPTURE_AUTORELEASING = YES;
				CLANG_WARN_BOOL_CONVERSION = YES;
				CLANG_WARN_COMMA = YES;
				CLANG_WARN_CONSTANT_CONVERSION = YES;
				CLANG_WARN_DEPRECATED_OBJC_IMPLEMENTATIONS = YES;
				CLANG_WARN_DIRECT_OBJC_ISA_USAGE = YES_ERROR;
				CLANG_WARN_DOCUMENTATION_COMMENTS = YES;
				CLANG_WARN_EMPTY_BODY = YES;
				CLANG_WARN_ENUM_CONVERSION = YES;
				CLANG_WARN_INFINITE_RECURSION = YES;
				CLANG_WARN_INT_CONVERSION = YES;
				CLANG_WARN_NON_LITERAL_NULL_CONVERSION = YES;
				CLANG_WARN_OBJC_IMPLICIT_RETAIN_SELF = YES;
				CLANG_WARN_OBJC_LITERAL_CONVERSION = YES;
				CLANG_WARN_OBJC_ROOT_CLASS = YES_ERROR;
				CLANG_WARN_QUOTED_INCLUDE_IN_FRAMEWORK_HEADER = YES;
				CLANG_WARN_RANGE_LOOP_ANALYSIS = YES;
				CLANG_WARN_STRICT_PROTOTYPES = YES;
				CLANG_WARN_SUSPICIOUS_MOVE = YES;
				CLANG_WARN_UNGUARDED_AVAILABILITY = YES_AGGRESSIVE;
				CLANG_WARN_UNREACHABLE_CODE = YES;
				CLANG_WARN__DUPLICATE_METHOD_MATCH = YES;
				COPY_PHASE_STRIP = NO;
				DEBUG_INFORMATION_FORMAT = dwarf;
				ENABLE_STRICT_OBJC_MSGSEND = YES;
				ENABLE_TESTABILITY = YES;
				GCC_C_LANGUAGE_STANDARD = gnu11;
				GCC_DYNAMIC_NO_PIC = NO;
				GCC_NO_COMMON_BLOCKS = YES;
				GCC_OPTIMIZATION_LEVEL = 0;
				GCC_PREPROCESSOR_DEFINITIONS = (
					"DEBUG=1",
					"$(inherited)",
				);
				GCC_WARN_64_TO_32_BIT_CONVERSION = YES;
				GCC_WARN_ABOUT_RETURN_TYPE = YES_ERROR;
				GCC_WARN_UNDECLARED_SELECTOR = YES;
				GCC_WARN_UNINITIALIZED_AUTOS = YES_AGGRESSIVE;
				GCC_WARN_UNUSED_FUNCTION = YES;
				GCC_WARN_UNUSED_VARIABLE = YES;
				IPHONEOS_DEPLOYMENT_TARGET = 14.5;
				MTL_ENABLE_DEBUG_INFO = INCLUDE_SOURCE;
				MTL_FAST_MATH = YES;
				ONLY_ACTIVE_ARCH = YES;
				SDKROOT = iphoneos;
				SWIFT_ACTIVE_COMPILATION_CONDITIONS = DEBUG;
				SWIFT_OPTIMIZATION_LEVEL = "-Onone";
			};
			name = Debug;
		};
		56DC426126EF06E80025CEEB /* Release */ = {
			isa = XCBuildConfiguration;
			buildSettings = {
				ALWAYS_SEARCH_USER_PATHS = NO;
				CLANG_ANALYZER_NONNULL = YES;
				CLANG_ANALYZER_NUMBER_OBJECT_CONVERSION = YES_AGGRESSIVE;
				CLANG_CXX_LANGUAGE_STANDARD = "gnu++14";
				CLANG_CXX_LIBRARY = "libc++";
				CLANG_ENABLE_MODULES = YES;
				CLANG_ENABLE_OBJC_ARC = YES;
				CLANG_ENABLE_OBJC_WEAK = YES;
				CLANG_WARN_BLOCK_CAPTURE_AUTORELEASING = YES;
				CLANG_WARN_BOOL_CONVERSION = YES;
				CLANG_WARN_COMMA = YES;
				CLANG_WARN_CONSTANT_CONVERSION = YES;
				CLANG_WARN_DEPRECATED_OBJC_IMPLEMENTATIONS = YES;
				CLANG_WARN_DIRECT_OBJC_ISA_USAGE = YES_ERROR;
				CLANG_WARN_DOCUMENTATION_COMMENTS = YES;
				CLANG_WARN_EMPTY_BODY = YES;
				CLANG_WARN_ENUM_CONVERSION = YES;
				CLANG_WARN_INFINITE_RECURSION = YES;
				CLANG_WARN_INT_CONVERSION = YES;
				CLANG_WARN_NON_LITERAL_NULL_CONVERSION = YES;
				CLANG_WARN_OBJC_IMPLICIT_RETAIN_SELF = YES;
				CLANG_WARN_OBJC_LITERAL_CONVERSION = YES;
				CLANG_WARN_OBJC_ROOT_CLASS = YES_ERROR;
				CLANG_WARN_QUOTED_INCLUDE_IN_FRAMEWORK_HEADER = YES;
				CLANG_WARN_RANGE_LOOP_ANALYSIS = YES;
				CLANG_WARN_STRICT_PROTOTYPES = YES;
				CLANG_WARN_SUSPICIOUS_MOVE = YES;
				CLANG_WARN_UNGUARDED_AVAILABILITY = YES_AGGRESSIVE;
				CLANG_WARN_UNREACHABLE_CODE = YES;
				CLANG_WARN__DUPLICATE_METHOD_MATCH = YES;
				COPY_PHASE_STRIP = NO;
				DEBUG_INFORMATION_FORMAT = "dwarf-with-dsym";
				ENABLE_NS_ASSERTIONS = NO;
				ENABLE_STRICT_OBJC_MSGSEND = YES;
				GCC_C_LANGUAGE_STANDARD = gnu11;
				GCC_NO_COMMON_BLOCKS = YES;
				GCC_WARN_64_TO_32_BIT_CONVERSION = YES;
				GCC_WARN_ABOUT_RETURN_TYPE = YES_ERROR;
				GCC_WARN_UNDECLARED_SELECTOR = YES;
				GCC_WARN_UNINITIALIZED_AUTOS = YES_AGGRESSIVE;
				GCC_WARN_UNUSED_FUNCTION = YES;
				GCC_WARN_UNUSED_VARIABLE = YES;
				IPHONEOS_DEPLOYMENT_TARGET = 14.5;
				MTL_ENABLE_DEBUG_INFO = NO;
				MTL_FAST_MATH = YES;
				SDKROOT = iphoneos;
				SWIFT_COMPILATION_MODE = wholemodule;
				SWIFT_OPTIMIZATION_LEVEL = "-O";
				VALIDATE_PRODUCT = YES;
			};
			name = Release;
		};
		56DC426326EF06E80025CEEB /* Debug */ = {
			isa = XCBuildConfiguration;
			buildSettings = {
				ASSETCATALOG_COMPILER_APPICON_NAME = AppIcon;
				ASSETCATALOG_COMPILER_GLOBAL_ACCENT_COLOR_NAME = AccentColor;
				CODE_SIGN_STYLE = Automatic;
				DEVELOPMENT_TEAM = RSKV7TG784;
				INFOPLIST_FILE = SimpleTable/Info.plist;
				LD_RUNPATH_SEARCH_PATHS = (
					"$(inherited)",
					"@executable_path/Frameworks",
				);
				PRODUCT_BUNDLE_IDENTIFIER = com.tenorshare.cxh.SimpleTable;
				PRODUCT_NAME = "$(TARGET_NAME)";
				SWIFT_VERSION = 5.0;
				TARGETED_DEVICE_FAMILY = "1,2";
			};
			name = Debug;
		};
		56DC426426EF06E80025CEEB /* Release */ = {
			isa = XCBuildConfiguration;
			buildSettings = {
				ASSETCATALOG_COMPILER_APPICON_NAME = AppIcon;
				ASSETCATALOG_COMPILER_GLOBAL_ACCENT_COLOR_NAME = AccentColor;
				CODE_SIGN_STYLE = Automatic;
				DEVELOPMENT_TEAM = RSKV7TG784;
				INFOPLIST_FILE = SimpleTable/Info.plist;
				LD_RUNPATH_SEARCH_PATHS = (
					"$(inherited)",
					"@executable_path/Frameworks",
				);
				PRODUCT_BUNDLE_IDENTIFIER = com.tenorshare.cxh.SimpleTable;
				PRODUCT_NAME = "$(TARGET_NAME)";
				SWIFT_VERSION = 5.0;
				TARGETED_DEVICE_FAMILY = "1,2";
			};
			name = Release;
		};
/* End XCBuildConfiguration section */

/* Begin XCConfigurationList section */
		56DC424926EF06E60025CEEB /* Build configuration list for PBXProject "SimpleTable" */ = {
			isa = XCConfigurationList;
			buildConfigurations = (
				56DC426026EF06E80025CEEB /* Debug */,
				56DC426126EF06E80025CEEB /* Release */,
			);
			defaultConfigurationIsVisible = 0;
			defaultConfigurationName = Release;
		};
		56DC426226EF06E80025CEEB /* Build configuration list for PBXNativeTarget "SimpleTable" */ = {
			isa = XCConfigurationList;
			buildConfigurations = (
				56DC426326EF06E80025CEEB /* Debug */,
				56DC426426EF06E80025CEEB /* Release */,
			);
			defaultConfigurationIsVisible = 0;
			defaultConfigurationName = Release;
		};
/* End XCConfigurationList section */
	};
	rootObject = 56DC424626EF06E60025CEEB /* Project object */;
}
