// !$*UTF8*$!
{
	archiveVersion = 1;
	classes = {
	};
	objectVersion = 55;
	objects = {

/* Begin PBXBuildFile section */
		5692883A271D82EF00217FF6 /* Build in Resources */ = {isa = PBXBuildFile; fileRef = 56928835271D82CF00217FF6 /* Build */; };
		5692883B271D82EF00217FF6 /* index.html in Resources */ = {isa = PBXBuildFile; fileRef = 56928834271D82CF00217FF6 /* index.html */; };
		5692883C271D82EF00217FF6 /* TemplateData in Resources */ = {isa = PBXBuildFile; fileRef = 56928836271D82CF00217FF6 /* TemplateData */; };
		56DB6B3E26E640A50096888C /* AppDelegate.swift in Sources */ = {isa = PBXBuildFile; fileRef = 56DB6B3D26E640A50096888C /* AppDelegate.swift */; };
		56DB6B4026E640A50096888C /* SceneDelegate.swift in Sources */ = {isa = PBXBuildFile; fileRef = 56DB6B3F26E640A50096888C /* SceneDelegate.swift */; };
		56DB6B4226E640A50096888C /* ViewController.swift in Sources */ = {isa = PBXBuildFile; fileRef = 56DB6B4126E640A50096888C /* ViewController.swift */; };
		56DB6B4526E640A50096888C /* Main.storyboard in Resources */ = {isa = PBXBuildFile; fileRef = 56DB6B4326E640A50096888C /* Main.storyboard */; };
		56DB6B4726E640A70096888C /* Assets.xcassets in Resources */ = {isa = PBXBuildFile; fileRef = 56DB6B4626E640A70096888C /* Assets.xcassets */; };
		56DB6B4A26E640A70096888C /* LaunchScreen.storyboard in Resources */ = {isa = PBXBuildFile; fileRef = 56DB6B4826E640A70096888C /* LaunchScreen.storyboard */; };
/* End PBXBuildFile section */

/* Begin PBXFileReference section */
		5692882A271D808600217FF6 /* TemplateData */ = {isa = PBXFileReference; lastKnownFileType = folder; path = TemplateData; sourceTree = "<group>"; };
		5692882B271D808600217FF6 /* Build */ = {isa = PBXFileReference; lastKnownFileType = folder; path = Build; sourceTree = "<group>"; };
		5692882C271D808600217FF6 /* index.html */ = {isa = PBXFileReference; fileEncoding = 4; lastKnownFileType = text.html; path = index.html; sourceTree = "<group>"; };
		56928834271D82CF00217FF6 /* index.html */ = {isa = PBXFileReference; fileEncoding = 4; lastKnownFileType = text.html; name = index.html; path = "../../../../../../Library/Containers/com.tencent.xinWeChat/Data/Library/Application Support/com.tencent.xinWeChat/2.0b4.0.9/9e05ee5c201da876c1d9d998436d22d9/Message/MessageTemp/7ce27abc7df1528a01fbbe13128fdd5c/File/OutputCar/index.html"; sourceTree = "<group>"; };
		56928835271D82CF00217FF6 /* Build */ = {isa = PBXFileReference; lastKnownFileType = folder; name = Build; path = "../../../../../../Library/Containers/com.tencent.xinWeChat/Data/Library/Application Support/com.tencent.xinWeChat/2.0b4.0.9/9e05ee5c201da876c1d9d998436d22d9/Message/MessageTemp/7ce27abc7df1528a01fbbe13128fdd5c/File/OutputCar/Build"; sourceTree = "<group>"; };
		56928836271D82CF00217FF6 /* TemplateData */ = {isa = PBXFileReference; lastKnownFileType = folder; name = TemplateData; path = "../../../../../../Library/Containers/com.tencent.xinWeChat/Data/Library/Application Support/com.tencent.xinWeChat/2.0b4.0.9/9e05ee5c201da876c1d9d998436d22d9/Message/MessageTemp/7ce27abc7df1528a01fbbe13128fdd5c/File/OutputCar/TemplateData"; sourceTree = "<group>"; };
		56DB6B3A26E640A50096888C /* WebViewSample.app */ = {isa = PBXFileReference; explicitFileType = wrapper.application; includeInIndex = 0; path = WebViewSample.app; sourceTree = BUILT_PRODUCTS_DIR; };
		56DB6B3D26E640A50096888C /* AppDelegate.swift */ = {isa = PBXFileReference; lastKnownFileType = sourcecode.swift; path = AppDelegate.swift; sourceTree = "<group>"; };
		56DB6B3F26E640A50096888C /* SceneDelegate.swift */ = {isa = PBXFileReference; lastKnownFileType = sourcecode.swift; path = SceneDelegate.swift; sourceTree = "<group>"; };
		56DB6B4126E640A50096888C /* ViewController.swift */ = {isa = PBXFileReference; lastKnownFileType = sourcecode.swift; path = ViewController.swift; sourceTree = "<group>"; };
		56DB6B4426E640A50096888C /* Base */ = {isa = PBXFileReference; lastKnownFileType = file.storyboard; name = Base; path = Base.lproj/Main.storyboard; sourceTree = "<group>"; };
		56DB6B4626E640A70096888C /* Assets.xcassets */ = {isa = PBXFileReference; lastKnownFileType = folder.assetcatalog; path = Assets.xcassets; sourceTree = "<group>"; };
		56DB6B4926E640A70096888C /* Base */ = {isa = PBXFileReference; lastKnownFileType = file.storyboard; name = Base; path = Base.lproj/LaunchScreen.storyboard; sourceTree = "<group>"; };
		56DB6B4B26E640A70096888C /* Info.plist */ = {isa = PBXFileReference; lastKnownFileType = text.plist.xml; path = Info.plist; sourceTree = "<group>"; };
		56DB6B5126E71E8B0096888C /* index.html */ = {isa = PBXFileReference; lastKnownFileType = text.html; name = index.html; path = WebViewSample/index.html; sourceTree = "<group>"; };
		56DB6B5326E73A0F0096888C /* index1.html */ = {isa = PBXFileReference; fileEncoding = 4; lastKnownFileType = text.html; path = index1.html; sourceTree = "<group>"; };
/* End PBXFileReference section */

/* Begin PBXFrameworksBuildPhase section */
		56DB6B3726E640A50096888C /* Frameworks */ = {
			isa = PBXFrameworksBuildPhase;
			buildActionMask = 2147483647;
			files = (
			);
			runOnlyForDeploymentPostprocessing = 0;
		};
/* End PBXFrameworksBuildPhase section */

/* Begin PBXGroup section */
		56928829271D804000217FF6 /* Resources */ = {
			isa = PBXGroup;
			children = (
				5692882B271D808600217FF6 /* Build */,
				5692882C271D808600217FF6 /* index.html */,
				5692882A271D808600217FF6 /* TemplateData */,
			);
			path = Resources;
			sourceTree = "<group>";
		};
		56928833271D82C500217FF6 /* New Group */ = {
			isa = PBXGroup;
			children = (
				56928835271D82CF00217FF6 /* Build */,
				56928834271D82CF00217FF6 /* index.html */,
				56928836271D82CF00217FF6 /* TemplateData */,
			);
			path = "New Group";
			sourceTree = "<group>";
		};
		56DB6B3126E640A50096888C = {
			isa = PBXGroup;
			children = (
				56DB6B5126E71E8B0096888C /* index.html */,
				56DB6B3C26E640A50096888C /* WebViewSample */,
				56DB6B3B26E640A50096888C /* Products */,
			);
			sourceTree = "<group>";
		};
		56DB6B3B26E640A50096888C /* Products */ = {
			isa = PBXGroup;
			children = (
				56DB6B3A26E640A50096888C /* WebViewSample.app */,
			);
			name = Products;
			sourceTree = "<group>";
		};
		56DB6B3C26E640A50096888C /* WebViewSample */ = {
			isa = PBXGroup;
			children = (
				56928833271D82C500217FF6 /* New Group */,
				56928829271D804000217FF6 /* Resources */,
				56DB6B3D26E640A50096888C /* AppDelegate.swift */,
				56DB6B3F26E640A50096888C /* SceneDelegate.swift */,
				56DB6B4126E640A50096888C /* ViewController.swift */,
				56DB6B4326E640A50096888C /* Main.storyboard */,
				56DB6B4626E640A70096888C /* Assets.xcassets */,
				56DB6B4826E640A70096888C /* LaunchScreen.storyboard */,
				56DB6B4B26E640A70096888C /* Info.plist */,
				56DB6B5326E73A0F0096888C /* index1.html */,
			);
			path = WebViewSample;
			sourceTree = "<group>";
		};
/* End PBXGroup section */

/* Begin PBXNativeTarget section */
		56DB6B3926E640A50096888C /* WebViewSample */ = {
			isa = PBXNativeTarget;
			buildConfigurationList = 56DB6B4E26E640A70096888C /* Build configuration list for PBXNativeTarget "WebViewSample" */;
			buildPhases = (
				56DB6B3626E640A50096888C /* Sources */,
				56DB6B3726E640A50096888C /* Frameworks */,
				56DB6B3826E640A50096888C /* Resources */,
			);
			buildRules = (
			);
			dependencies = (
			);
			name = WebViewSample;
			productName = WebViewSample;
			productReference = 56DB6B3A26E640A50096888C /* WebViewSample.app */;
			productType = "com.apple.product-type.application";
		};
/* End PBXNativeTarget section */

/* Begin PBXProject section */
		56DB6B3226E640A50096888C /* Project object */ = {
			isa = PBXProject;
			attributes = {
				BuildIndependentTargetsInParallel = 1;
				LastSwiftUpdateCheck = 1300;
				LastUpgradeCheck = 1300;
				TargetAttributes = {
					56DB6B3926E640A50096888C = {
						CreatedOnToolsVersion = 13.0;
					};
				};
			};
			buildConfigurationList = 56DB6B3526E640A50096888C /* Build configuration list for PBXProject "WebViewSample" */;
			compatibilityVersion = "Xcode 13.0";
			developmentRegion = en;
			hasScannedForEncodings = 0;
			knownRegions = (
				en,
				Base,
			);
			mainGroup = 56DB6B3126E640A50096888C;
			productRefGroup = 56DB6B3B26E640A50096888C /* Products */;
			projectDirPath = "";
			projectRoot = "";
			targets = (
				56DB6B3926E640A50096888C /* WebViewSample */,
			);
		};
/* End PBXProject section */

/* Begin PBXResourcesBuildPhase section */
		56DB6B3826E640A50096888C /* Resources */ = {
			isa = PBXResourcesBuildPhase;
			buildActionMask = 2147483647;
			files = (
				56DB6B4A26E640A70096888C /* LaunchScreen.storyboard in Resources */,
				56DB6B4726E640A70096888C /* Assets.xcassets in Resources */,
				56DB6B4526E640A50096888C /* Main.storyboard in Resources */,
				5692883A271D82EF00217FF6 /* Build in Resources */,
				5692883B271D82EF00217FF6 /* index.html in Resources */,
				5692883C271D82EF00217FF6 /* TemplateData in Resources */,
			);
			runOnlyForDeploymentPostprocessing = 0;
		};
/* End PBXResourcesBuildPhase section */

/* Begin PBXSourcesBuildPhase section */
		56DB6B3626E640A50096888C /* Sources */ = {
			isa = PBXSourcesBuildPhase;
			buildActionMask = 2147483647;
			files = (
				56DB6B4226E640A50096888C /* ViewController.swift in Sources */,
				56DB6B3E26E640A50096888C /* AppDelegate.swift in Sources */,
				56DB6B4026E640A50096888C /* SceneDelegate.swift in Sources */,
			);
			runOnlyForDeploymentPostprocessing = 0;
		};
/* End PBXSourcesBuildPhase section */

/* Begin PBXVariantGroup section */
		56DB6B4326E640A50096888C /* Main.storyboard */ = {
			isa = PBXVariantGroup;
			children = (
				56DB6B4426E640A50096888C /* Base */,
			);
			name = Main.storyboard;
			sourceTree = "<group>";
		};
		56DB6B4826E640A70096888C /* LaunchScreen.storyboard */ = {
			isa = PBXVariantGroup;
			children = (
				56DB6B4926E640A70096888C /* Base */,
			);
			name = LaunchScreen.storyboard;
			sourceTree = "<group>";
		};
/* End PBXVariantGroup section */

/* Begin XCBuildConfiguration section */
		56DB6B4C26E640A70096888C /* Debug */ = {
			isa = XCBuildConfiguration;
			buildSettings = {
				ALWAYS_SEARCH_USER_PATHS = NO;
				CLANG_ANALYZER_NONNULL = YES;
				CLANG_ANALYZER_NUMBER_OBJECT_CONVERSION = YES_AGGRESSIVE;
				CLANG_CXX_LANGUAGE_STANDARD = "gnu++17";
				CLANG_CXX_LIBRARY = "libc++";
				CLANG_ENABLE_MODULES = YES;
				CLANG_ENABLE_OBJC_ARC = YES;
				CLANG_ENABLE_OBJC_WEAK = YES;
				CLANG_WARN_BLOCK_CAPTURE_AUTORELEASING = YES;
				CLANG_WARN_BOOL_CONVERSION = YES;
				CLANG_WARN_COMMA = YES;
				CLANG_WARN_CONSTANT_CONVERSION = YES;
				CLANG_WARN_DEPRECATED_OBJC_IMPLEMENTATIONS = YES;
				CLANG_WARN_DIRECT_OBJC_ISA_USAGE = YES_ERROR;
				CLANG_WARN_DOCUMENTATION_COMMENTS = YES;
				CLANG_WARN_EMPTY_BODY = YES;
				CLANG_WARN_ENUM_CONVERSION = YES;
				CLANG_WARN_INFINITE_RECURSION = YES;
				CLANG_WARN_INT_CONVERSION = YES;
				CLANG_WARN_NON_LITERAL_NULL_CONVERSION = YES;
				CLANG_WARN_OBJC_IMPLICIT_RETAIN_SELF = YES;
				CLANG_WARN_OBJC_LITERAL_CONVERSION = YES;
				CLANG_WARN_OBJC_ROOT_CLASS = YES_ERROR;
				CLANG_WARN_QUOTED_INCLUDE_IN_FRAMEWORK_HEADER = YES;
				CLANG_WARN_RANGE_LOOP_ANALYSIS = YES;
				CLANG_WARN_STRICT_PROTOTYPES = YES;
				CLANG_WARN_SUSPICIOUS_MOVE = YES;
				CLANG_WARN_UNGUARDED_AVAILABILITY = YES_AGGRESSIVE;
				CLANG_WARN_UNREACHABLE_CODE = YES;
				CLANG_WARN__DUPLICATE_METHOD_MATCH = YES;
				COPY_PHASE_STRIP = NO;
				DEBUG_INFORMATION_FORMAT = dwarf;
				ENABLE_STRICT_OBJC_MSGSEND = YES;
				ENABLE_TESTABILITY = YES;
				GCC_C_LANGUAGE_STANDARD = gnu11;
				GCC_DYNAMIC_NO_PIC = NO;
				GCC_NO_COMMON_BLOCKS = YES;
				GCC_OPTIMIZATION_LEVEL = 0;
				GCC_PREPROCESSOR_DEFINITIONS = (
					"DEBUG=1",
					"$(inherited)",
				);
				GCC_WARN_64_TO_32_BIT_CONVERSION = YES;
				GCC_WARN_ABOUT_RETURN_TYPE = YES_ERROR;
				GCC_WARN_UNDECLARED_SELECTOR = YES;
				GCC_WARN_UNINITIALIZED_AUTOS = YES_AGGRESSIVE;
				GCC_WARN_UNUSED_FUNCTION = YES;
				GCC_WARN_UNUSED_VARIABLE = YES;
				IPHONEOS_DEPLOYMENT_TARGET = 15.0;
				MTL_ENABLE_DEBUG_INFO = INCLUDE_SOURCE;
				MTL_FAST_MATH = YES;
				ONLY_ACTIVE_ARCH = YES;
				SDKROOT = iphoneos;
				SWIFT_ACTIVE_COMPILATION_CONDITIONS = DEBUG;
				SWIFT_OPTIMIZATION_LEVEL = "-Onone";
			};
			name = Debug;
		};
		56DB6B4D26E640A70096888C /* Release */ = {
			isa = XCBuildConfiguration;
			buildSettings = {
				ALWAYS_SEARCH_USER_PATHS = NO;
				CLANG_ANALYZER_NONNULL = YES;
				CLANG_ANALYZER_NUMBER_OBJECT_CONVERSION = YES_AGGRESSIVE;
				CLANG_CXX_LANGUAGE_STANDARD = "gnu++17";
				CLANG_CXX_LIBRARY = "libc++";
				CLANG_ENABLE_MODULES = YES;
				CLANG_ENABLE_OBJC_ARC = YES;
				CLANG_ENABLE_OBJC_WEAK = YES;
				CLANG_WARN_BLOCK_CAPTURE_AUTORELEASING = YES;
				CLANG_WARN_BOOL_CONVERSION = YES;
				CLANG_WARN_COMMA = YES;
				CLANG_WARN_CONSTANT_CONVERSION = YES;
				CLANG_WARN_DEPRECATED_OBJC_IMPLEMENTATIONS = YES;
				CLANG_WARN_DIRECT_OBJC_ISA_USAGE = YES_ERROR;
				CLANG_WARN_DOCUMENTATION_COMMENTS = YES;
				CLANG_WARN_EMPTY_BODY = YES;
				CLANG_WARN_ENUM_CONVERSION = YES;
				CLANG_WARN_INFINITE_RECURSION = YES;
				CLANG_WARN_INT_CONVERSION = YES;
				CLANG_WARN_NON_LITERAL_NULL_CONVERSION = YES;
				CLANG_WARN_OBJC_IMPLICIT_RETAIN_SELF = YES;
				CLANG_WARN_OBJC_LITERAL_CONVERSION = YES;
				CLANG_WARN_OBJC_ROOT_CLASS = YES_ERROR;
				CLANG_WARN_QUOTED_INCLUDE_IN_FRAMEWORK_HEADER = YES;
				CLANG_WARN_RANGE_LOOP_ANALYSIS = YES;
				CLANG_WARN_STRICT_PROTOTYPES = YES;
				CLANG_WARN_SUSPICIOUS_MOVE = YES;
				CLANG_WARN_UNGUARDED_AVAILABILITY = YES_AGGRESSIVE;
				CLANG_WARN_UNREACHABLE_CODE = YES;
				CLANG_WARN__DUPLICATE_METHOD_MATCH = YES;
				COPY_PHASE_STRIP = NO;
				DEBUG_INFORMATION_FORMAT = "dwarf-with-dsym";
				ENABLE_NS_ASSERTIONS = NO;
				ENABLE_STRICT_OBJC_MSGSEND = YES;
				GCC_C_LANGUAGE_STANDARD = gnu11;
				GCC_NO_COMMON_BLOCKS = YES;
				GCC_WARN_64_TO_32_BIT_CONVERSION = YES;
				GCC_WARN_ABOUT_RETURN_TYPE = YES_ERROR;
				GCC_WARN_UNDECLARED_SELECTOR = YES;
				GCC_WARN_UNINITIALIZED_AUTOS = YES_AGGRESSIVE;
				GCC_WARN_UNUSED_FUNCTION = YES;
				GCC_WARN_UNUSED_VARIABLE = YES;
				IPHONEOS_DEPLOYMENT_TARGET = 15.0;
				MTL_ENABLE_DEBUG_INFO = NO;
				MTL_FAST_MATH = YES;
				SDKROOT = iphoneos;
				SWIFT_COMPILATION_MODE = wholemodule;
				SWIFT_OPTIMIZATION_LEVEL = "-O";
				VALIDATE_PRODUCT = YES;
			};
			name = Release;
		};
		56DB6B4F26E640A70096888C /* Debug */ = {
			isa = XCBuildConfiguration;
			buildSettings = {
				ASSETCATALOG_COMPILER_APPICON_NAME = AppIcon;
				ASSETCATALOG_COMPILER_GLOBAL_ACCENT_COLOR_NAME = AccentColor;
				CODE_SIGN_STYLE = Automatic;
				CURRENT_PROJECT_VERSION = 1;
				DEVELOPMENT_TEAM = 26WUQNZX38;
				GENERATE_INFOPLIST_FILE = YES;
				INFOPLIST_FILE = WebViewSample/Info.plist;
				INFOPLIST_KEY_UIApplicationSupportsIndirectInputEvents = YES;
				INFOPLIST_KEY_UILaunchStoryboardName = LaunchScreen;
				INFOPLIST_KEY_UIMainStoryboardFile = Main;
				INFOPLIST_KEY_UISupportedInterfaceOrientations_iPad = "UIInterfaceOrientationPortrait UIInterfaceOrientationPortraitUpsideDown UIInterfaceOrientationLandscapeLeft UIInterfaceOrientationLandscapeRight";
				INFOPLIST_KEY_UISupportedInterfaceOrientations_iPhone = "UIInterfaceOrientationPortrait UIInterfaceOrientationLandscapeLeft UIInterfaceOrientationLandscapeRight";
				IPHONEOS_DEPLOYMENT_TARGET = 14.0;
				LD_RUNPATH_SEARCH_PATHS = (
					"$(inherited)",
					"@executable_path/Frameworks",
				);
				MARKETING_VERSION = 1.0;
				PRODUCT_BUNDLE_IDENTIFIER = com.tenorshare.cxh.WebViewSample;
				PRODUCT_NAME = "$(TARGET_NAME)";
				SWIFT_EMIT_LOC_STRINGS = YES;
				SWIFT_VERSION = 5.0;
				TARGETED_DEVICE_FAMILY = "1,2";
			};
			name = Debug;
		};
		56DB6B5026E640A70096888C /* Release */ = {
			isa = XCBuildConfiguration;
			buildSettings = {
				ASSETCATALOG_COMPILER_APPICON_NAME = AppIcon;
				ASSETCATALOG_COMPILER_GLOBAL_ACCENT_COLOR_NAME = AccentColor;
				CODE_SIGN_STYLE = Automatic;
				CURRENT_PROJECT_VERSION = 1;
				DEVELOPMENT_TEAM = 26WUQNZX38;
				GENERATE_INFOPLIST_FILE = YES;
				INFOPLIST_FILE = WebViewSample/Info.plist;
				INFOPLIST_KEY_UIApplicationSupportsIndirectInputEvents = YES;
				INFOPLIST_KEY_UILaunchStoryboardName = LaunchScreen;
				INFOPLIST_KEY_UIMainStoryboardFile = Main;
				INFOPLIST_KEY_UISupportedInterfaceOrientations_iPad = "UIInterfaceOrientationPortrait UIInterfaceOrientationPortraitUpsideDown UIInterfaceOrientationLandscapeLeft UIInterfaceOrientationLandscapeRight";
				INFOPLIST_KEY_UISupportedInterfaceOrientations_iPhone = "UIInterfaceOrientationPortrait UIInterfaceOrientationLandscapeLeft UIInterfaceOrientationLandscapeRight";
				IPHONEOS_DEPLOYMENT_TARGET = 14.0;
				LD_RUNPATH_SEARCH_PATHS = (
					"$(inherited)",
					"@executable_path/Frameworks",
				);
				MARKETING_VERSION = 1.0;
				PRODUCT_BUNDLE_IDENTIFIER = com.tenorshare.cxh.WebViewSample;
				PRODUCT_NAME = "$(TARGET_NAME)";
				SWIFT_EMIT_LOC_STRINGS = YES;
				SWIFT_VERSION = 5.0;
				TARGETED_DEVICE_FAMILY = "1,2";
			};
			name = Release;
		};
/* End XCBuildConfiguration section */

/* Begin XCConfigurationList section */
		56DB6B3526E640A50096888C /* Build configuration list for PBXProject "WebViewSample" */ = {
			isa = XCConfigurationList;
			buildConfigurations = (
				56DB6B4C26E640A70096888C /* Debug */,
				56DB6B4D26E640A70096888C /* Release */,
			);
			defaultConfigurationIsVisible = 0;
			defaultConfigurationName = Release;
		};
		56DB6B4E26E640A70096888C /* Build configuration list for PBXNativeTarget "WebViewSample" */ = {
			isa = XCConfigurationList;
			buildConfigurations = (
				56DB6B4F26E640A70096888C /* Debug */,
				56DB6B5026E640A70096888C /* Release */,
			);
			defaultConfigurationIsVisible = 0;
			defaultConfigurationName = Release;
		};
/* End XCConfigurationList section */
	};
	rootObject = 56DB6B3226E640A50096888C /* Project object */;
}
