// !$*UTF8*$!
{
	archiveVersion = 1;
	classes = {
	};
	objectVersion = 50;
	objects = {

/* Begin PBXBuildFile section */
		56DC419E26E9A00D0025CEEB /* AppDelegate.swift in Sources */ = {isa = PBXBuildFile; fileRef = 56DC419D26E9A00D0025CEEB /* AppDelegate.swift */; };
		56DC41A026E9A00D0025CEEB /* SceneDelegate.swift in Sources */ = {isa = PBXBuildFile; fileRef = 56DC419F26E9A00D0025CEEB /* SceneDelegate.swift */; };
		56DC41A226E9A00D0025CEEB /* ViewController.swift in Sources */ = {isa = PBXBuildFile; fileRef = 56DC41A126E9A00D0025CEEB /* ViewController.swift */; };
		56DC41A526E9A00D0025CEEB /* Main.storyboard in Resources */ = {isa = PBXBuildFile; fileRef = 56DC41A326E9A00D0025CEEB /* Main.storyboard */; };
		56DC41A726E9A00F0025CEEB /* Assets.xcassets in Resources */ = {isa = PBXBuildFile; fileRef = 56DC41A626E9A00F0025CEEB /* Assets.xcassets */; };
		56DC41AA26E9A00F0025CEEB /* LaunchScreen.storyboard in Resources */ = {isa = PBXBuildFile; fileRef = 56DC41A826E9A00F0025CEEB /* LaunchScreen.storyboard */; };
		56DC41B226E9A15B0025CEEB /* EventCollectionViewCell.swift in Sources */ = {isa = PBXBuildFile; fileRef = 56DC41B126E9A15B0025CEEB /* EventCollectionViewCell.swift */; };
		56DC41B426E9B5490025CEEB /* events.plist in Resources */ = {isa = PBXBuildFile; fileRef = 56DC41B326E9B5490025CEEB /* events.plist */; };
		56DC41BD26E9FCA20025CEEB /* youyong.png in Resources */ = {isa = PBXBuildFile; fileRef = 56DC41BC26E9FCA20025CEEB /* youyong.png */; };
		56DC41C026E9FD0D0025CEEB /* gongjian.png in Resources */ = {isa = PBXBuildFile; fileRef = 56DC41BE26E9FD0D0025CEEB /* gongjian.png */; };
		56DC41C126E9FD0D0025CEEB /* lanqiu.png in Resources */ = {isa = PBXBuildFile; fileRef = 56DC41BF26E9FD0D0025CEEB /* lanqiu.png */; };
/* End PBXBuildFile section */

/* Begin PBXFileReference section */
		56DC419A26E9A00D0025CEEB /* CollectionViewSample.app */ = {isa = PBXFileReference; explicitFileType = wrapper.application; includeInIndex = 0; path = CollectionViewSample.app; sourceTree = BUILT_PRODUCTS_DIR; };
		56DC419D26E9A00D0025CEEB /* AppDelegate.swift */ = {isa = PBXFileReference; lastKnownFileType = sourcecode.swift; path = AppDelegate.swift; sourceTree = "<group>"; };
		56DC419F26E9A00D0025CEEB /* SceneDelegate.swift */ = {isa = PBXFileReference; lastKnownFileType = sourcecode.swift; path = SceneDelegate.swift; sourceTree = "<group>"; };
		56DC41A126E9A00D0025CEEB /* ViewController.swift */ = {isa = PBXFileReference; lastKnownFileType = sourcecode.swift; path = ViewController.swift; sourceTree = "<group>"; };
		56DC41A426E9A00D0025CEEB /* Base */ = {isa = PBXFileReference; lastKnownFileType = file.storyboard; name = Base; path = Base.lproj/Main.storyboard; sourceTree = "<group>"; };
		56DC41A626E9A00F0025CEEB /* Assets.xcassets */ = {isa = PBXFileReference; lastKnownFileType = folder.assetcatalog; path = Assets.xcassets; sourceTree = "<group>"; };
		56DC41A926E9A00F0025CEEB /* Base */ = {isa = PBXFileReference; lastKnownFileType = file.storyboard; name = Base; path = Base.lproj/LaunchScreen.storyboard; sourceTree = "<group>"; };
		56DC41AB26E9A00F0025CEEB /* Info.plist */ = {isa = PBXFileReference; lastKnownFileType = text.plist.xml; path = Info.plist; sourceTree = "<group>"; };
		56DC41B126E9A15B0025CEEB /* EventCollectionViewCell.swift */ = {isa = PBXFileReference; lastKnownFileType = sourcecode.swift; path = EventCollectionViewCell.swift; sourceTree = "<group>"; };
		56DC41B326E9B5490025CEEB /* events.plist */ = {isa = PBXFileReference; lastKnownFileType = text.plist.xml; path = events.plist; sourceTree = "<group>"; };
		56DC41BC26E9FCA20025CEEB /* youyong.png */ = {isa = PBXFileReference; lastKnownFileType = image.png; path = youyong.png; sourceTree = "<group>"; };
		56DC41BE26E9FD0D0025CEEB /* gongjian.png */ = {isa = PBXFileReference; lastKnownFileType = image.png; path = gongjian.png; sourceTree = "<group>"; };
		56DC41BF26E9FD0D0025CEEB /* lanqiu.png */ = {isa = PBXFileReference; lastKnownFileType = image.png; path = lanqiu.png; sourceTree = "<group>"; };
/* End PBXFileReference section */

/* Begin PBXFrameworksBuildPhase section */
		56DC419726E9A00D0025CEEB /* Frameworks */ = {
			isa = PBXFrameworksBuildPhase;
			buildActionMask = 2147483647;
			files = (
			);
			runOnlyForDeploymentPostprocessing = 0;
		};
/* End PBXFrameworksBuildPhase section */

/* Begin PBXGroup section */
		56DC419126E9A00D0025CEEB = {
			isa = PBXGroup;
			children = (
				56DC419C26E9A00D0025CEEB /* CollectionViewSample */,
				56DC419B26E9A00D0025CEEB /* Products */,
			);
			sourceTree = "<group>";
		};
		56DC419B26E9A00D0025CEEB /* Products */ = {
			isa = PBXGroup;
			children = (
				56DC419A26E9A00D0025CEEB /* CollectionViewSample.app */,
			);
			name = Products;
			sourceTree = "<group>";
		};
		56DC419C26E9A00D0025CEEB /* CollectionViewSample */ = {
			isa = PBXGroup;
			children = (
				56DC41B526E9E4950025CEEB /* Resources */,
				56DC419D26E9A00D0025CEEB /* AppDelegate.swift */,
				56DC419F26E9A00D0025CEEB /* SceneDelegate.swift */,
				56DC41A126E9A00D0025CEEB /* ViewController.swift */,
				56DC41B126E9A15B0025CEEB /* EventCollectionViewCell.swift */,
				56DC41B326E9B5490025CEEB /* events.plist */,
				56DC41A326E9A00D0025CEEB /* Main.storyboard */,
				56DC41A626E9A00F0025CEEB /* Assets.xcassets */,
				56DC41A826E9A00F0025CEEB /* LaunchScreen.storyboard */,
				56DC41AB26E9A00F0025CEEB /* Info.plist */,
			);
			path = CollectionViewSample;
			sourceTree = "<group>";
		};
		56DC41B526E9E4950025CEEB /* Resources */ = {
			isa = PBXGroup;
			children = (
				56DC41BC26E9FCA20025CEEB /* youyong.png */,
				56DC41BE26E9FD0D0025CEEB /* gongjian.png */,
				56DC41BF26E9FD0D0025CEEB /* lanqiu.png */,
			);
			path = Resources;
			sourceTree = "<group>";
		};
/* End PBXGroup section */

/* Begin PBXNativeTarget section */
		56DC419926E9A00D0025CEEB /* CollectionViewSample */ = {
			isa = PBXNativeTarget;
			buildConfigurationList = 56DC41AE26E9A00F0025CEEB /* Build configuration list for PBXNativeTarget "CollectionViewSample" */;
			buildPhases = (
				56DC419626E9A00D0025CEEB /* Sources */,
				56DC419726E9A00D0025CEEB /* Frameworks */,
				56DC419826E9A00D0025CEEB /* Resources */,
			);
			buildRules = (
			);
			dependencies = (
			);
			name = CollectionViewSample;
			productName = CollectionViewSample;
			productReference = 56DC419A26E9A00D0025CEEB /* CollectionViewSample.app */;
			productType = "com.apple.product-type.application";
		};
/* End PBXNativeTarget section */

/* Begin PBXProject section */
		56DC419226E9A00D0025CEEB /* Project object */ = {
			isa = PBXProject;
			attributes = {
				LastSwiftUpdateCheck = 1250;
				LastUpgradeCheck = 1250;
				TargetAttributes = {
					56DC419926E9A00D0025CEEB = {
						CreatedOnToolsVersion = 12.5.1;
					};
				};
			};
			buildConfigurationList = 56DC419526E9A00D0025CEEB /* Build configuration list for PBXProject "CollectionViewSample" */;
			compatibilityVersion = "Xcode 9.3";
			developmentRegion = en;
			hasScannedForEncodings = 0;
			knownRegions = (
				en,
				Base,
			);
			mainGroup = 56DC419126E9A00D0025CEEB;
			productRefGroup = 56DC419B26E9A00D0025CEEB /* Products */;
			projectDirPath = "";
			projectRoot = "";
			targets = (
				56DC419926E9A00D0025CEEB /* CollectionViewSample */,
			);
		};
/* End PBXProject section */

/* Begin PBXResourcesBuildPhase section */
		56DC419826E9A00D0025CEEB /* Resources */ = {
			isa = PBXResourcesBuildPhase;
			buildActionMask = 2147483647;
			files = (
				56DC41C026E9FD0D0025CEEB /* gongjian.png in Resources */,
				56DC41AA26E9A00F0025CEEB /* LaunchScreen.storyboard in Resources */,
				56DC41BD26E9FCA20025CEEB /* youyong.png in Resources */,
				56DC41A726E9A00F0025CEEB /* Assets.xcassets in Resources */,
				56DC41C126E9FD0D0025CEEB /* lanqiu.png in Resources */,
				56DC41A526E9A00D0025CEEB /* Main.storyboard in Resources */,
				56DC41B426E9B5490025CEEB /* events.plist in Resources */,
			);
			runOnlyForDeploymentPostprocessing = 0;
		};
/* End PBXResourcesBuildPhase section */

/* Begin PBXSourcesBuildPhase section */
		56DC419626E9A00D0025CEEB /* Sources */ = {
			isa = PBXSourcesBuildPhase;
			buildActionMask = 2147483647;
			files = (
				56DC41A226E9A00D0025CEEB /* ViewController.swift in Sources */,
				56DC41B226E9A15B0025CEEB /* EventCollectionViewCell.swift in Sources */,
				56DC419E26E9A00D0025CEEB /* AppDelegate.swift in Sources */,
				56DC41A026E9A00D0025CEEB /* SceneDelegate.swift in Sources */,
			);
			runOnlyForDeploymentPostprocessing = 0;
		};
/* End PBXSourcesBuildPhase section */

/* Begin PBXVariantGroup section */
		56DC41A326E9A00D0025CEEB /* Main.storyboard */ = {
			isa = PBXVariantGroup;
			children = (
				56DC41A426E9A00D0025CEEB /* Base */,
			);
			name = Main.storyboard;
			sourceTree = "<group>";
		};
		56DC41A826E9A00F0025CEEB /* LaunchScreen.storyboard */ = {
			isa = PBXVariantGroup;
			children = (
				56DC41A926E9A00F0025CEEB /* Base */,
			);
			name = LaunchScreen.storyboard;
			sourceTree = "<group>";
		};
/* End PBXVariantGroup section */

/* Begin XCBuildConfiguration section */
		56DC41AC26E9A00F0025CEEB /* Debug */ = {
			isa = XCBuildConfiguration;
			buildSettings = {
				ALWAYS_SEARCH_USER_PATHS = NO;
				CLANG_ANALYZER_NONNULL = YES;
				CLANG_ANALYZER_NUMBER_OBJECT_CONVERSION = YES_AGGRESSIVE;
				CLANG_CXX_LANGUAGE_STANDARD = "gnu++14";
				CLANG_CXX_LIBRARY = "libc++";
				CLANG_ENABLE_MODULES = YES;
				CLANG_ENABLE_OBJC_ARC = YES;
				CLANG_ENABLE_OBJC_WEAK = YES;
				CLANG_WARN_BLOCK_CAPTURE_AUTORELEASING = YES;
				CLANG_WARN_BOOL_CONVERSION = YES;
				CLANG_WARN_COMMA = YES;
				CLANG_WARN_CONSTANT_CONVERSION = YES;
				CLANG_WARN_DEPRECATED_OBJC_IMPLEMENTATIONS = YES;
				CLANG_WARN_DIRECT_OBJC_ISA_USAGE = YES_ERROR;
				CLANG_WARN_DOCUMENTATION_COMMENTS = YES;
				CLANG_WARN_EMPTY_BODY = YES;
				CLANG_WARN_ENUM_CONVERSION = YES;
				CLANG_WARN_INFINITE_RECURSION = YES;
				CLANG_WARN_INT_CONVERSION = YES;
				CLANG_WARN_NON_LITERAL_NULL_CONVERSION = YES;
				CLANG_WARN_OBJC_IMPLICIT_RETAIN_SELF = YES;
				CLANG_WARN_OBJC_LITERAL_CONVERSION = YES;
				CLANG_WARN_OBJC_ROOT_CLASS = YES_ERROR;
				CLANG_WARN_QUOTED_INCLUDE_IN_FRAMEWORK_HEADER = YES;
				CLANG_WARN_RANGE_LOOP_ANALYSIS = YES;
				CLANG_WARN_STRICT_PROTOTYPES = YES;
				CLANG_WARN_SUSPICIOUS_MOVE = YES;
				CLANG_WARN_UNGUARDED_AVAILABILITY = YES_AGGRESSIVE;
				CLANG_WARN_UNREACHABLE_CODE = YES;
				CLANG_WARN__DUPLICATE_METHOD_MATCH = YES;
				COPY_PHASE_STRIP = NO;
				DEBUG_INFORMATION_FORMAT = dwarf;
				ENABLE_STRICT_OBJC_MSGSEND = YES;
				ENABLE_TESTABILITY = YES;
				GCC_C_LANGUAGE_STANDARD = gnu11;
				GCC_DYNAMIC_NO_PIC = NO;
				GCC_NO_COMMON_BLOCKS = YES;
				GCC_OPTIMIZATION_LEVEL = 0;
				GCC_PREPROCESSOR_DEFINITIONS = (
					"DEBUG=1",
					"$(inherited)",
				);
				GCC_WARN_64_TO_32_BIT_CONVERSION = YES;
				GCC_WARN_ABOUT_RETURN_TYPE = YES_ERROR;
				GCC_WARN_UNDECLARED_SELECTOR = YES;
				GCC_WARN_UNINITIALIZED_AUTOS = YES_AGGRESSIVE;
				GCC_WARN_UNUSED_FUNCTION = YES;
				GCC_WARN_UNUSED_VARIABLE = YES;
				IPHONEOS_DEPLOYMENT_TARGET = 14.5;
				MTL_ENABLE_DEBUG_INFO = INCLUDE_SOURCE;
				MTL_FAST_MATH = YES;
				ONLY_ACTIVE_ARCH = YES;
				SDKROOT = iphoneos;
				SWIFT_ACTIVE_COMPILATION_CONDITIONS = DEBUG;
				SWIFT_OPTIMIZATION_LEVEL = "-Onone";
			};
			name = Debug;
		};
		56DC41AD26E9A00F0025CEEB /* Release */ = {
			isa = XCBuildConfiguration;
			buildSettings = {
				ALWAYS_SEARCH_USER_PATHS = NO;
				CLANG_ANALYZER_NONNULL = YES;
				CLANG_ANALYZER_NUMBER_OBJECT_CONVERSION = YES_AGGRESSIVE;
				CLANG_CXX_LANGUAGE_STANDARD = "gnu++14";
				CLANG_CXX_LIBRARY = "libc++";
				CLANG_ENABLE_MODULES = YES;
				CLANG_ENABLE_OBJC_ARC = YES;
				CLANG_ENABLE_OBJC_WEAK = YES;
				CLANG_WARN_BLOCK_CAPTURE_AUTORELEASING = YES;
				CLANG_WARN_BOOL_CONVERSION = YES;
				CLANG_WARN_COMMA = YES;
				CLANG_WARN_CONSTANT_CONVERSION = YES;
				CLANG_WARN_DEPRECATED_OBJC_IMPLEMENTATIONS = YES;
				CLANG_WARN_DIRECT_OBJC_ISA_USAGE = YES_ERROR;
				CLANG_WARN_DOCUMENTATION_COMMENTS = YES;
				CLANG_WARN_EMPTY_BODY = YES;
				CLANG_WARN_ENUM_CONVERSION = YES;
				CLANG_WARN_INFINITE_RECURSION = YES;
				CLANG_WARN_INT_CONVERSION = YES;
				CLANG_WARN_NON_LITERAL_NULL_CONVERSION = YES;
				CLANG_WARN_OBJC_IMPLICIT_RETAIN_SELF = YES;
				CLANG_WARN_OBJC_LITERAL_CONVERSION = YES;
				CLANG_WARN_OBJC_ROOT_CLASS = YES_ERROR;
				CLANG_WARN_QUOTED_INCLUDE_IN_FRAMEWORK_HEADER = YES;
				CLANG_WARN_RANGE_LOOP_ANALYSIS = YES;
				CLANG_WARN_STRICT_PROTOTYPES = YES;
				CLANG_WARN_SUSPICIOUS_MOVE = YES;
				CLANG_WARN_UNGUARDED_AVAILABILITY = YES_AGGRESSIVE;
				CLANG_WARN_UNREACHABLE_CODE = YES;
				CLANG_WARN__DUPLICATE_METHOD_MATCH = YES;
				COPY_PHASE_STRIP = NO;
				DEBUG_INFORMATION_FORMAT = "dwarf-with-dsym";
				ENABLE_NS_ASSERTIONS = NO;
				ENABLE_STRICT_OBJC_MSGSEND = YES;
				GCC_C_LANGUAGE_STANDARD = gnu11;
				GCC_NO_COMMON_BLOCKS = YES;
				GCC_WARN_64_TO_32_BIT_CONVERSION = YES;
				GCC_WARN_ABOUT_RETURN_TYPE = YES_ERROR;
				GCC_WARN_UNDECLARED_SELECTOR = YES;
				GCC_WARN_UNINITIALIZED_AUTOS = YES_AGGRESSIVE;
				GCC_WARN_UNUSED_FUNCTION = YES;
				GCC_WARN_UNUSED_VARIABLE = YES;
				IPHONEOS_DEPLOYMENT_TARGET = 14.5;
				MTL_ENABLE_DEBUG_INFO = NO;
				MTL_FAST_MATH = YES;
				SDKROOT = iphoneos;
				SWIFT_COMPILATION_MODE = wholemodule;
				SWIFT_OPTIMIZATION_LEVEL = "-O";
				VALIDATE_PRODUCT = YES;
			};
			name = Release;
		};
		56DC41AF26E9A00F0025CEEB /* Debug */ = {
			isa = XCBuildConfiguration;
			buildSettings = {
				ASSETCATALOG_COMPILER_APPICON_NAME = AppIcon;
				ASSETCATALOG_COMPILER_GLOBAL_ACCENT_COLOR_NAME = AccentColor;
				CODE_SIGN_STYLE = Automatic;
				DEVELOPMENT_TEAM = RSKV7TG784;
				INFOPLIST_FILE = CollectionViewSample/Info.plist;
				LD_RUNPATH_SEARCH_PATHS = (
					"$(inherited)",
					"@executable_path/Frameworks",
				);
				PRODUCT_BUNDLE_IDENTIFIER = com.tenorshare.cxh.CollectionViewSample;
				PRODUCT_NAME = "$(TARGET_NAME)";
				SWIFT_VERSION = 5.0;
				TARGETED_DEVICE_FAMILY = "1,2";
			};
			name = Debug;
		};
		56DC41B026E9A00F0025CEEB /* Release */ = {
			isa = XCBuildConfiguration;
			buildSettings = {
				ASSETCATALOG_COMPILER_APPICON_NAME = AppIcon;
				ASSETCATALOG_COMPILER_GLOBAL_ACCENT_COLOR_NAME = AccentColor;
				CODE_SIGN_STYLE = Automatic;
				DEVELOPMENT_TEAM = RSKV7TG784;
				INFOPLIST_FILE = CollectionViewSample/Info.plist;
				LD_RUNPATH_SEARCH_PATHS = (
					"$(inherited)",
					"@executable_path/Frameworks",
				);
				PRODUCT_BUNDLE_IDENTIFIER = com.tenorshare.cxh.CollectionViewSample;
				PRODUCT_NAME = "$(TARGET_NAME)";
				SWIFT_VERSION = 5.0;
				TARGETED_DEVICE_FAMILY = "1,2";
			};
			name = Release;
		};
/* End XCBuildConfiguration section */

/* Begin XCConfigurationList section */
		56DC419526E9A00D0025CEEB /* Build configuration list for PBXProject "CollectionViewSample" */ = {
			isa = XCConfigurationList;
			buildConfigurations = (
				56DC41AC26E9A00F0025CEEB /* Debug */,
				56DC41AD26E9A00F0025CEEB /* Release */,
			);
			defaultConfigurationIsVisible = 0;
			defaultConfigurationName = Release;
		};
		56DC41AE26E9A00F0025CEEB /* Build configuration list for PBXNativeTarget "CollectionViewSample" */ = {
			isa = XCConfigurationList;
			buildConfigurations = (
				56DC41AF26E9A00F0025CEEB /* Debug */,
				56DC41B026E9A00F0025CEEB /* Release */,
			);
			defaultConfigurationIsVisible = 0;
			defaultConfigurationName = Release;
		};
/* End XCConfigurationList section */
	};
	rootObject = 56DC419226E9A00D0025CEEB /* Project object */;
}
